// !$*UTF8*$!
{
	archiveVersion = 1;
	classes = {
	};
	objectVersion = 55;
	objects = {

/* Begin PBXBuildFile section */
		016BD9DB06C3CB1A1D9A0D72 /* Pods_ImageLoad_Combine_TableView_.framework in Frameworks */ = {isa = PBXBuildFile; fileRef = 0F3DC84C93D74D3525DB1C6F /* Pods_ImageLoad_Combine_TableView_.framework */; };
		B5DFBBCF28220BEC002F0773 /* AppDelegate.swift in Sources */ = {isa = PBXBuildFile; fileRef = B5DFBBCE28220BEC002F0773 /* AppDelegate.swift */; };
		B5DFBBD128220BEC002F0773 /* SceneDelegate.swift in Sources */ = {isa = PBXBuildFile; fileRef = B5DFBBD028220BEC002F0773 /* SceneDelegate.swift */; };
		B5DFBBD828220BED002F0773 /* Assets.xcassets in Resources */ = {isa = PBXBuildFile; fileRef = B5DFBBD728220BED002F0773 /* Assets.xcassets */; };
		B5DFBBDB28220BED002F0773 /* LaunchScreen.storyboard in Resources */ = {isa = PBXBuildFile; fileRef = B5DFBBD928220BED002F0773 /* LaunchScreen.storyboard */; };
		B5DFBBE628220D88002F0773 /* MainViewController.swift in Sources */ = {isa = PBXBuildFile; fileRef = B5DFBBE528220D88002F0773 /* MainViewController.swift */; };
		B5DFBBE928220DD1002F0773 /* UIButton.swift in Sources */ = {isa = PBXBuildFile; fileRef = B5DFBBE828220DD1002F0773 /* UIButton.swift */; };
		B5DFBBEB28220DFC002F0773 /* MainViewCell.swift in Sources */ = {isa = PBXBuildFile; fileRef = B5DFBBEA28220DFC002F0773 /* MainViewCell.swift */; };
		B5DFBBEE28220E25002F0773 /* ViewModel.swift in Sources */ = {isa = PBXBuildFile; fileRef = B5DFBBED28220E25002F0773 /* ViewModel.swift */; };
/* End PBXBuildFile section */

/* Begin PBXFileReference section */
		0F3DC84C93D74D3525DB1C6F /* Pods_ImageLoad_Combine_TableView_.framework */ = {isa = PBXFileReference; explicitFileType = wrapper.framework; includeInIndex = 0; path = Pods_ImageLoad_Combine_TableView_.framework; sourceTree = BUILT_PRODUCTS_DIR; };
		704E5DA1CB0FEB957757D257 /* Pods-ImageLoad(Combine+TableView).release.xcconfig */ = {isa = PBXFileReference; includeInIndex = 1; lastKnownFileType = text.xcconfig; name = "Pods-ImageLoad(Combine+TableView).release.xcconfig"; path = "Target Support Files/Pods-ImageLoad(Combine+TableView)/Pods-ImageLoad(Combine+TableView).release.xcconfig"; sourceTree = "<group>"; };
		B5DFBBCB28220BEC002F0773 /* ImageLoad(Combine+TableView).app */ = {isa = PBXFileReference; explicitFileType = wrapper.application; includeInIndex = 0; path = "ImageLoad(Combine+TableView).app"; sourceTree = BUILT_PRODUCTS_DIR; };
		B5DFBBCE28220BEC002F0773 /* AppDelegate.swift */ = {isa = PBXFileReference; lastKnownFileType = sourcecode.swift; path = AppDelegate.swift; sourceTree = "<group>"; };
		B5DFBBD028220BEC002F0773 /* SceneDelegate.swift */ = {isa = PBXFileReference; lastKnownFileType = sourcecode.swift; path = SceneDelegate.swift; sourceTree = "<group>"; };
		B5DFBBD728220BED002F0773 /* Assets.xcassets */ = {isa = PBXFileReference; lastKnownFileType = folder.assetcatalog; path = Assets.xcassets; sourceTree = "<group>"; };
		B5DFBBDA28220BED002F0773 /* Base */ = {isa = PBXFileReference; lastKnownFileType = file.storyboard; name = Base; path = Base.lproj/LaunchScreen.storyboard; sourceTree = "<group>"; };
		B5DFBBDC28220BED002F0773 /* Info.plist */ = {isa = PBXFileReference; lastKnownFileType = text.plist.xml; path = Info.plist; sourceTree = "<group>"; };
		B5DFBBE528220D88002F0773 /* MainViewController.swift */ = {isa = PBXFileReference; lastKnownFileType = sourcecode.swift; path = MainViewController.swift; sourceTree = "<group>"; };
		B5DFBBE828220DD1002F0773 /* UIButton.swift */ = {isa = PBXFileReference; lastKnownFileType = sourcecode.swift; path = UIButton.swift; sourceTree = "<group>"; };
		B5DFBBEA28220DFC002F0773 /* MainViewCell.swift */ = {isa = PBXFileReference; lastKnownFileType = sourcecode.swift; path = MainViewCell.swift; sourceTree = "<group>"; };
		B5DFBBED28220E25002F0773 /* ViewModel.swift */ = {isa = PBXFileReference; lastKnownFileType = sourcecode.swift; path = ViewModel.swift; sourceTree = "<group>"; };
		F78E6BAE787984B83CE174CB /* Pods-ImageLoad(Combine+TableView).debug.xcconfig */ = {isa = PBXFileReference; includeInIndex = 1; lastKnownFileType = text.xcconfig; name = "Pods-ImageLoad(Combine+TableView).debug.xcconfig"; path = "Target Support Files/Pods-ImageLoad(Combine+TableView)/Pods-ImageLoad(Combine+TableView).debug.xcconfig"; sourceTree = "<group>"; };
/* End PBXFileReference section */

/* Begin PBXFrameworksBuildPhase section */
		B5DFBBC828220BEC002F0773 /* Frameworks */ = {
			isa = PBXFrameworksBuildPhase;
			buildActionMask = 2147483647;
			files = (
				016BD9DB06C3CB1A1D9A0D72 /* Pods_ImageLoad_Combine_TableView_.framework in Frameworks */,
			);
			runOnlyForDeploymentPostprocessing = 0;
		};
/* End PBXFrameworksBuildPhase section */

/* Begin PBXGroup section */
		40B156BCF2EAA73E425BCA60 /* Frameworks */ = {
			isa = PBXGroup;
			children = (
				0F3DC84C93D74D3525DB1C6F /* Pods_ImageLoad_Combine_TableView_.framework */,
			);
			name = Frameworks;
			sourceTree = "<group>";
		};
		B5DFBBC228220BEC002F0773 = {
			isa = PBXGroup;
			children = (
				B5DFBBCD28220BEC002F0773 /* ImageLoad(Combine+TableView) */,
				B5DFBBCC28220BEC002F0773 /* Products */,
				E6001B60723A30209F757ABD /* Pods */,
				40B156BCF2EAA73E425BCA60 /* Frameworks */,
			);
			sourceTree = "<group>";
		};
		B5DFBBCC28220BEC002F0773 /* Products */ = {
			isa = PBXGroup;
			children = (
				B5DFBBCB28220BEC002F0773 /* ImageLoad(Combine+TableView).app */,
			);
			name = Products;
			sourceTree = "<group>";
		};
		B5DFBBCD28220BEC002F0773 /* ImageLoad(Combine+TableView) */ = {
			isa = PBXGroup;
			children = (
				B5DFBBE228220C45002F0773 /* App */,
				B5DFBBE328220C4F002F0773 /* Resources */,
				B5DFBBE728220DB9002F0773 /* Extensions */,
				B5DFBBE428220D6F002F0773 /* Views */,
				B5DFBBEC28220E06002F0773 /* ViewModels */,
			);
			path = "ImageLoad(Combine+TableView)";
			sourceTree = "<group>";
		};
		B5DFBBE228220C45002F0773 /* App */ = {
			isa = PBXGroup;
			children = (
				B5DFBBCE28220BEC002F0773 /* AppDelegate.swift */,
				B5DFBBD028220BEC002F0773 /* SceneDelegate.swift */,
			);
			path = App;
			sourceTree = "<group>";
		};
		B5DFBBE328220C4F002F0773 /* Resources */ = {
			isa = PBXGroup;
			children = (
				B5DFBBDC28220BED002F0773 /* Info.plist */,
				B5DFBBD928220BED002F0773 /* LaunchScreen.storyboard */,
				B5DFBBD728220BED002F0773 /* Assets.xcassets */,
			);
			path = Resources;
			sourceTree = "<group>";
		};
		B5DFBBE428220D6F002F0773 /* Views */ = {
			isa = PBXGroup;
			children = (
				B5DFBBE528220D88002F0773 /* MainViewController.swift */,
				B5DFBBEA28220DFC002F0773 /* MainViewCell.swift */,
			);
			path = Views;
			sourceTree = "<group>";
		};
		B5DFBBE728220DB9002F0773 /* Extensions */ = {
			isa = PBXGroup;
			children = (
				B5DFBBE828220DD1002F0773 /* UIButton.swift */,
			);
			path = Extensions;
			sourceTree = "<group>";
		};
		B5DFBBEC28220E06002F0773 /* ViewModels */ = {
			isa = PBXGroup;
			children = (
				B5DFBBED28220E25002F0773 /* ViewModel.swift */,
			);
			path = ViewModels;
			sourceTree = "<group>";
		};
		E6001B60723A30209F757ABD /* Pods */ = {
			isa = PBXGroup;
			children = (
				F78E6BAE787984B83CE174CB /* Pods-ImageLoad(Combine+TableView).debug.xcconfig */,
				704E5DA1CB0FEB957757D257 /* Pods-ImageLoad(Combine+TableView).release.xcconfig */,
			);
			path = Pods;
			sourceTree = "<group>";
		};
/* End PBXGroup section */

/* Begin PBXNativeTarget section */
		B5DFBBCA28220BEC002F0773 /* ImageLoad(Combine+TableView) */ = {
			isa = PBXNativeTarget;
			buildConfigurationList = B5DFBBDF28220BED002F0773 /* Build configuration list for PBXNativeTarget "ImageLoad(Combine+TableView)" */;
			buildPhases = (
				37855C7480F5EC89EEA0ACE1 /* [CP] Check Pods Manifest.lock */,
				B5DFBBC728220BEC002F0773 /* Sources */,
				B5DFBBC828220BEC002F0773 /* Frameworks */,
				B5DFBBC928220BEC002F0773 /* Resources */,
				104012D6A13C00D0CA9F8A2F /* [CP] Embed Pods Frameworks */,
			);
			buildRules = (
			);
			dependencies = (
			);
			name = "ImageLoad(Combine+TableView)";
			productName = "ImageLoad(Combine+TableView)";
			productReference = B5DFBBCB28220BEC002F0773 /* ImageLoad(Combine+TableView).app */;
			productType = "com.apple.product-type.application";
		};
/* End PBXNativeTarget section */

/* Begin PBXProject section */
		B5DFBBC328220BEC002F0773 /* Project object */ = {
			isa = PBXProject;
			attributes = {
				BuildIndependentTargetsInParallel = 1;
				LastSwiftUpdateCheck = 1330;
				LastUpgradeCheck = 1330;
				TargetAttributes = {
					B5DFBBCA28220BEC002F0773 = {
						CreatedOnToolsVersion = 13.3;
					};
				};
			};
			buildConfigurationList = B5DFBBC628220BEC002F0773 /* Build configuration list for PBXProject "ImageLoad(Combine+TableView)" */;
			compatibilityVersion = "Xcode 13.0";
			developmentRegion = en;
			hasScannedForEncodings = 0;
			knownRegions = (
				en,
				Base,
			);
			mainGroup = B5DFBBC228220BEC002F0773;
			productRefGroup = B5DFBBCC28220BEC002F0773 /* Products */;
			projectDirPath = "";
			projectRoot = "";
			targets = (
				B5DFBBCA28220BEC002F0773 /* ImageLoad(Combine+TableView) */,
			);
		};
/* End PBXProject section */

/* Begin PBXResourcesBuildPhase section */
		B5DFBBC928220BEC002F0773 /* Resources */ = {
			isa = PBXResourcesBuildPhase;
			buildActionMask = 2147483647;
			files = (
				B5DFBBDB28220BED002F0773 /* LaunchScreen.storyboard in Resources */,
				B5DFBBD828220BED002F0773 /* Assets.xcassets in Resources */,
			);
			runOnlyForDeploymentPostprocessing = 0;
		};
/* End PBXResourcesBuildPhase section */

/* Begin PBXShellScriptBuildPhase section */
		104012D6A13C00D0CA9F8A2F /* [CP] Embed Pods Frameworks */ = {
			isa = PBXShellScriptBuildPhase;
			buildActionMask = 2147483647;
			files = (
			);
			inputFileListPaths = (
				"${PODS_ROOT}/Target Support Files/Pods-ImageLoad(Combine+TableView)/Pods-ImageLoad(Combine+TableView)-frameworks-${CONFIGURATION}-input-files.xcfilelist",
			);
			name = "[CP] Embed Pods Frameworks";
			outputFileListPaths = (
				"${PODS_ROOT}/Target Support Files/Pods-ImageLoad(Combine+TableView)/Pods-ImageLoad(Combine+TableView)-frameworks-${CONFIGURATION}-output-files.xcfilelist",
			);
			runOnlyForDeploymentPostprocessing = 0;
			shellPath = /bin/sh;
			shellScript = "\"${PODS_ROOT}/Target Support Files/Pods-ImageLoad(Combine+TableView)/Pods-ImageLoad(Combine+TableView)-frameworks.sh\"\n";
			showEnvVarsInLog = 0;
		};
		37855C7480F5EC89EEA0ACE1 /* [CP] Check Pods Manifest.lock */ = {
			isa = PBXShellScriptBuildPhase;
			buildActionMask = 2147483647;
			files = (
			);
			inputFileListPaths = (
			);
			inputPaths = (
				"${PODS_PODFILE_DIR_PATH}/Podfile.lock",
				"${PODS_ROOT}/Manifest.lock",
			);
			name = "[CP] Check Pods Manifest.lock";
			outputFileListPaths = (
			);
			outputPaths = (
				"$(DERIVED_FILE_DIR)/Pods-ImageLoad(Combine+TableView)-checkManifestLockResult.txt",
			);
			runOnlyForDeploymentPostprocessing = 0;
			shellPath = /bin/sh;
			shellScript = "diff \"${PODS_PODFILE_DIR_PATH}/Podfile.lock\" \"${PODS_ROOT}/Manifest.lock\" > /dev/null\nif [ $? != 0 ] ; then\n    # print error to STDERR\n    echo \"error: The sandbox is not in sync with the Podfile.lock. Run 'pod install' or update your CocoaPods installation.\" >&2\n    exit 1\nfi\n# This output is used by Xcode 'outputs' to avoid re-running this script phase.\necho \"SUCCESS\" > \"${SCRIPT_OUTPUT_FILE_0}\"\n";
			showEnvVarsInLog = 0;
		};
/* End PBXShellScriptBuildPhase section */

/* Begin PBXSourcesBuildPhase section */
		B5DFBBC728220BEC002F0773 /* Sources */ = {
			isa = PBXSourcesBuildPhase;
			buildActionMask = 2147483647;
			files = (
				B5DFBBEB28220DFC002F0773 /* MainViewCell.swift in Sources */,
				B5DFBBE628220D88002F0773 /* MainViewController.swift in Sources */,
				B5DFBBCF28220BEC002F0773 /* AppDelegate.swift in Sources */,
				B5DFBBD128220BEC002F0773 /* SceneDelegate.swift in Sources */,
				B5DFBBEE28220E25002F0773 /* ViewModel.swift in Sources */,
				B5DFBBE928220DD1002F0773 /* UIButton.swift in Sources */,
			);
			runOnlyForDeploymentPostprocessing = 0;
		};
/* End PBXSourcesBuildPhase section */

/* Begin PBXVariantGroup section */
		B5DFBBD928220BED002F0773 /* LaunchScreen.storyboard */ = {
			isa = PBXVariantGroup;
			children = (
				B5DFBBDA28220BED002F0773 /* Base */,
			);
			name = LaunchScreen.storyboard;
			sourceTree = "<group>";
		};
/* End PBXVariantGroup section */

/* Begin XCBuildConfiguration section */
		B5DFBBDD28220BED002F0773 /* Debug */ = {
			isa = XCBuildConfiguration;
			buildSettings = {
				ALWAYS_SEARCH_USER_PATHS = NO;
				CLANG_ANALYZER_NONNULL = YES;
				CLANG_ANALYZER_NUMBER_OBJECT_CONVERSION = YES_AGGRESSIVE;
				CLANG_CXX_LANGUAGE_STANDARD = "gnu++17";
				CLANG_ENABLE_MODULES = YES;
				CLANG_ENABLE_OBJC_ARC = YES;
				CLANG_ENABLE_OBJC_WEAK = YES;
				CLANG_WARN_BLOCK_CAPTURE_AUTORELEASING = YES;
				CLANG_WARN_BOOL_CONVERSION = YES;
				CLANG_WARN_COMMA = YES;
				CLANG_WARN_CONSTANT_CONVERSION = YES;
				CLANG_WARN_DEPRECATED_OBJC_IMPLEMENTATIONS = YES;
				CLANG_WARN_DIRECT_OBJC_ISA_USAGE = YES_ERROR;
				CLANG_WARN_DOCUMENTATION_COMMENTS = YES;
				CLANG_WARN_EMPTY_BODY = YES;
				CLANG_WARN_ENUM_CONVERSION = YES;
				CLANG_WARN_INFINITE_RECURSION = YES;
				CLANG_WARN_INT_CONVERSION = YES;
				CLANG_WARN_NON_LITERAL_NULL_CONVERSION = YES;
				CLANG_WARN_OBJC_IMPLICIT_RETAIN_SELF = YES;
				CLANG_WARN_OBJC_LITERAL_CONVERSION = YES;
				CLANG_WARN_OBJC_ROOT_CLASS = YES_ERROR;
				CLANG_WARN_QUOTED_INCLUDE_IN_FRAMEWORK_HEADER = YES;
				CLANG_WARN_RANGE_LOOP_ANALYSIS = YES;
				CLANG_WARN_STRICT_PROTOTYPES = YES;
				CLANG_WARN_SUSPICIOUS_MOVE = YES;
				CLANG_WARN_UNGUARDED_AVAILABILITY = YES_AGGRESSIVE;
				CLANG_WARN_UNREACHABLE_CODE = YES;
				CLANG_WARN__DUPLICATE_METHOD_MATCH = YES;
				COPY_PHASE_STRIP = NO;
				DEBUG_INFORMATION_FORMAT = dwarf;
				ENABLE_STRICT_OBJC_MSGSEND = YES;
				ENABLE_TESTABILITY = YES;
				GCC_C_LANGUAGE_STANDARD = gnu11;
				GCC_DYNAMIC_NO_PIC = NO;
				GCC_NO_COMMON_BLOCKS = YES;
				GCC_OPTIMIZATION_LEVEL = 0;
				GCC_PREPROCESSOR_DEFINITIONS = (
					"DEBUG=1",
					"$(inherited)",
				);
				GCC_WARN_64_TO_32_BIT_CONVERSION = YES;
				GCC_WARN_ABOUT_RETURN_TYPE = YES_ERROR;
				GCC_WARN_UNDECLARED_SELECTOR = YES;
				GCC_WARN_UNINITIALIZED_AUTOS = YES_AGGRESSIVE;
				GCC_WARN_UNUSED_FUNCTION = YES;
				GCC_WARN_UNUSED_VARIABLE = YES;
				IPHONEOS_DEPLOYMENT_TARGET = 15.4;
				MTL_ENABLE_DEBUG_INFO = INCLUDE_SOURCE;
				MTL_FAST_MATH = YES;
				ONLY_ACTIVE_ARCH = YES;
				SDKROOT = iphoneos;
				SWIFT_ACTIVE_COMPILATION_CONDITIONS = DEBUG;
				SWIFT_OPTIMIZATION_LEVEL = "-Onone";
			};
			name = Debug;
		};
		B5DFBBDE28220BED002F0773 /* Release */ = {
			isa = XCBuildConfiguration;
			buildSettings = {
				ALWAYS_SEARCH_USER_PATHS = NO;
				CLANG_ANALYZER_NONNULL = YES;
				CLANG_ANALYZER_NUMBER_OBJECT_CONVERSION = YES_AGGRESSIVE;
				CLANG_CXX_LANGUAGE_STANDARD = "gnu++17";
				CLANG_ENABLE_MODULES = YES;
				CLANG_ENABLE_OBJC_ARC = YES;
				CLANG_ENABLE_OBJC_WEAK = YES;
				CLANG_WARN_BLOCK_CAPTURE_AUTORELEASING = YES;
				CLANG_WARN_BOOL_CONVERSION = YES;
				CLANG_WARN_COMMA = YES;
				CLANG_WARN_CONSTANT_CONVERSION = YES;
				CLANG_WARN_DEPRECATED_OBJC_IMPLEMENTATIONS = YES;
				CLANG_WARN_DIRECT_OBJC_ISA_USAGE = YES_ERROR;
				CLANG_WARN_DOCUMENTATION_COMMENTS = YES;
				CLANG_WARN_EMPTY_BODY = YES;
				CLANG_WARN_ENUM_CONVERSION = YES;
				CLANG_WARN_INFINITE_RECURSION = YES;
				CLANG_WARN_INT_CONVERSION = YES;
				CLANG_WARN_NON_LITERAL_NULL_CONVERSION = YES;
				CLANG_WARN_OBJC_IMPLICIT_RETAIN_SELF = YES;
				CLANG_WARN_OBJC_LITERAL_CONVERSION = YES;
				CLANG_WARN_OBJC_ROOT_CLASS = YES_ERROR;
				CLANG_WARN_QUOTED_INCLUDE_IN_FRAMEWORK_HEADER = YES;
				CLANG_WARN_RANGE_LOOP_ANALYSIS = YES;
				CLANG_WARN_STRICT_PROTOTYPES = YES;
				CLANG_WARN_SUSPICIOUS_MOVE = YES;
				CLANG_WARN_UNGUARDED_AVAILABILITY = YES_AGGRESSIVE;
				CLANG_WARN_UNREACHABLE_CODE = YES;
				CLANG_WARN__DUPLICATE_METHOD_MATCH = YES;
				COPY_PHASE_STRIP = NO;
				DEBUG_INFORMATION_FORMAT = "dwarf-with-dsym";
				ENABLE_NS_ASSERTIONS = NO;
				ENABLE_STRICT_OBJC_MSGSEND = YES;
				GCC_C_LANGUAGE_STANDARD = gnu11;
				GCC_NO_COMMON_BLOCKS = YES;
				GCC_WARN_64_TO_32_BIT_CONVERSION = YES;
				GCC_WARN_ABOUT_RETURN_TYPE = YES_ERROR;
				GCC_WARN_UNDECLARED_SELECTOR = YES;
				GCC_WARN_UNINITIALIZED_AUTOS = YES_AGGRESSIVE;
				GCC_WARN_UNUSED_FUNCTION = YES;
				GCC_WARN_UNUSED_VARIABLE = YES;
				IPHONEOS_DEPLOYMENT_TARGET = 15.4;
				MTL_ENABLE_DEBUG_INFO = NO;
				MTL_FAST_MATH = YES;
				SDKROOT = iphoneos;
				SWIFT_COMPILATION_MODE = wholemodule;
				SWIFT_OPTIMIZATION_LEVEL = "-O";
				VALIDATE_PRODUCT = YES;
			};
			name = Release;
		};
		B5DFBBE028220BED002F0773 /* Debug */ = {
			isa = XCBuildConfiguration;
			baseConfigurationReference = F78E6BAE787984B83CE174CB /* Pods-ImageLoad(Combine+TableView).debug.xcconfig */;
			buildSettings = {
				ASSETCATALOG_COMPILER_APPICON_NAME = AppIcon;
				ASSETCATALOG_COMPILER_GLOBAL_ACCENT_COLOR_NAME = AccentColor;
				CODE_SIGN_STYLE = Automatic;
				CURRENT_PROJECT_VERSION = 1;
				DEVELOPMENT_TEAM = Z8V65Y5689;
				GENERATE_INFOPLIST_FILE = YES;
				INFOPLIST_FILE = "ImageLoad(Combine+TableView)/Resources/Info.plist";
				INFOPLIST_KEY_UIApplicationSupportsIndirectInputEvents = YES;
				INFOPLIST_KEY_UILaunchStoryboardName = LaunchScreen;
				INFOPLIST_KEY_UIMainStoryboardFile = "";
				INFOPLIST_KEY_UISupportedInterfaceOrientations_iPad = "UIInterfaceOrientationPortrait UIInterfaceOrientationPortraitUpsideDown UIInterfaceOrientationLandscapeLeft UIInterfaceOrientationLandscapeRight";
				INFOPLIST_KEY_UISupportedInterfaceOrientations_iPhone = "UIInterfaceOrientationPortrait UIInterfaceOrientationLandscapeLeft UIInterfaceOrientationLandscapeRight";
				LD_RUNPATH_SEARCH_PATHS = (
					"$(inherited)",
					"@executable_path/Frameworks",
				);
				MARKETING_VERSION = 1.0;
				PRODUCT_BUNDLE_IDENTIFIER = "hyeonsik.ImageLoad-Combine-TableView-";
				PRODUCT_NAME = "$(TARGET_NAME)";
				SWIFT_EMIT_LOC_STRINGS = YES;
				SWIFT_VERSION = 5.0;
				TARGETED_DEVICE_FAMILY = "1,2";
			};
			name = Debug;
		};
		B5DFBBE128220BED002F0773 /* Release */ = {
			isa = XCBuildConfiguration;
			baseConfigurationReference = 704E5DA1CB0FEB957757D257 /* Pods-ImageLoad(Combine+TableView).release.xcconfig */;
			buildSettings = {
				ASSETCATALOG_COMPILER_APPICON_NAME = AppIcon;
				ASSETCATALOG_COMPILER_GLOBAL_ACCENT_COLOR_NAME = AccentColor;
				CODE_SIGN_STYLE = Automatic;
				CURRENT_PROJECT_VERSION = 1;
				DEVELOPMENT_TEAM = Z8V65Y5689;
				GENERATE_INFOPLIST_FILE = YES;
				INFOPLIST_FILE = "ImageLoad(Combine+TableView)/Resources/Info.plist";
				INFOPLIST_KEY_UIApplicationSupportsIndirectInputEvents = YES;
				INFOPLIST_KEY_UILaunchStoryboardName = LaunchScreen;
				INFOPLIST_KEY_UIMainStoryboardFile = "";
				INFOPLIST_KEY_UISupportedInterfaceOrientations_iPad = "UIInterfaceOrientationPortrait UIInterfaceOrientationPortraitUpsideDown UIInterfaceOrientationLandscapeLeft UIInterfaceOrientationLandscapeRight";
				INFOPLIST_KEY_UISupportedInterfaceOrientations_iPhone = "UIInterfaceOrientationPortrait UIInterfaceOrientationLandscapeLeft UIInterfaceOrientationLandscapeRight";
				LD_RUNPATH_SEARCH_PATHS = (
					"$(inherited)",
					"@executable_path/Frameworks",
				);
				MARKETING_VERSION = 1.0;
				PRODUCT_BUNDLE_IDENTIFIER = "hyeonsik.ImageLoad-Combine-TableView-";
				PRODUCT_NAME = "$(TARGET_NAME)";
				SWIFT_EMIT_LOC_STRINGS = YES;
				SWIFT_VERSION = 5.0;
				TARGETED_DEVICE_FAMILY = "1,2";
			};
			name = Release;
		};
/* End XCBuildConfiguration section */

/* Begin XCConfigurationList section */
		B5DFBBC628220BEC002F0773 /* Build configuration list for PBXProject "ImageLoad(Combine+TableView)" */ = {
			isa = XCConfigurationList;
			buildConfigurations = (
				B5DFBBDD28220BED002F0773 /* Debug */,
				B5DFBBDE28220BED002F0773 /* Release */,
			);
			defaultConfigurationIsVisible = 0;
			defaultConfigurationName = Release;
		};
		B5DFBBDF28220BED002F0773 /* Build configuration list for PBXNativeTarget "ImageLoad(Combine+TableView)" */ = {
			isa = XCConfigurationList;
			buildConfigurations = (
				B5DFBBE028220BED002F0773 /* Debug */,
				B5DFBBE128220BED002F0773 /* Release */,
			);
			defaultConfigurationIsVisible = 0;
			defaultConfigurationName = Release;
		};
/* End XCConfigurationList section */
	};
	rootObject = B5DFBBC328220BEC002F0773 /* Project object */;
}
